
Microsoft Visual Studio Solution File, Format Version 12.00
# Visual Studio 15
VisualStudioVersion = 15.0.28010.2036
MinimumVisualStudioVersion = 10.0.40219.1
Project("{FAE04EC0-301F-11D3-BF4B-00C04F79EFBC}") = "ClassLibrary1", "ClassLibrary1\ClassLibrary1.csproj", "{7CD0938C-8D8F-45CC-98B6-9039985D504A}"
EndProject
Global
	GlobalSection(SolutionConfigurationPlatforms) = preSolution
		Debug|Any CPU = Debug|Any CPU
		Release|Any CPU = Release|Any CPU
	EndGlobalSection
	GlobalSection(ProjectConfigurationPlatforms) = postSolution
		{7CD0938C-8D8F-45CC-98B6-9039985D504A}.Debug|Any CPU.ActiveCfg = Debug|Any CPU
		{7CD0938C-8D8F-45CC-98B6-9039985D504A}.Debug|Any CPU.Build.0 = Debug|Any CPU
		{7CD0938C-8D8F-45CC-98B6-9039985D504A}.Release|Any CPU.ActiveCfg = Release|Any CPU
		{7CD0938C-8D8F-45CC-98B6-9039985D504A}.Release|Any CPU.Build.0 = Release|Any CPU
	EndGlobalSection
	GlobalSection(SolutionProperties) = preSolution
		HideSolutionNode = FALSE
	EndGlobalSection
	GlobalSection(ExtensibilityGlobals) = postSolution
		SolutionGuid = {BB3AF149-4550-46B3-A2B7-B7F6DC213BC6}
	EndGlobalSection
EndGlobal
